
Microsoft Visual Studio Solution File, Format Version 12.00
# Visual Studio Version 16
VisualStudioVersion = 16.0.32228.343
MinimumVisualStudioVersion = 10.0.40219.1
Project("{FAE04EC0-301F-11D3-BF4B-00C04F79EFBC}") = "WindowsApplication", "WindowsApplication.csproj", "{B66BD833-27A0-4729-8996-D1D077911714}"
EndProject
Global
	GlobalSection(SolutionConfigurationPlatforms) = preSolution
		Debug|Any CPU = Debug|Any CPU
		Release|Any CPU = Release|Any CPU
	EndGlobalSection
	GlobalSection(ProjectConfigurationPlatforms) = postSolution
		{B66BD833-27A0-4729-8996-D1D077911714}.Debug|Any CPU.ActiveCfg = Debug|Any CPU
		{B66BD833-27A0-4729-8996-D1D077911714}.Debug|Any CPU.Build.0 = Debug|Any CPU
		{B66BD833-27A0-4729-8996-D1D077911714}.Release|Any CPU.ActiveCfg = Release|Any CPU
		{B66BD833-27A0-4729-8996-D1D077911714}.Release|Any CPU.Build.0 = Release|Any CPU
	EndGlobalSection
	GlobalSection(SolutionProperties) = preSolution
		HideSolutionNode = FALSE
	EndGlobalSection
	GlobalSection(ExtensibilityGlobals) = postSolution
		SolutionGuid = {151AC351-B476-44C4-A0B9-FF68ADE5F718}
	EndGlobalSection
EndGlobal
